
Microsoft Visual Studio Solution File, Format Version 12.00
# Visual Studio Version 17
VisualStudioVersion = 17.8.34511.84
MinimumVisualStudioVersion = 10.0.40219.1
Project("{FAE04EC0-301F-11D3-BF4B-00C04F79EFBC}") = "Cmd", "Cmd.csproj", "{0751838D-DA13-4B8B-9217-C082EA745F22}"
EndProject
Global
	GlobalSection(SolutionConfigurationPlatforms) = preSolution
		Debug|Any CPU = Debug|Any CPU
		Release|Any CPU = Release|Any CPU
	EndGlobalSection
	GlobalSection(ProjectConfigurationPlatforms) = postSolution
		{0751838D-DA13-4B8B-9217-C082EA745F22}.Debug|Any CPU.ActiveCfg = Debug|Any CPU
		{0751838D-DA13-4B8B-9217-C082EA745F22}.Debug|Any CPU.Build.0 = Debug|Any CPU
		{0751838D-DA13-4B8B-9217-C082EA745F22}.Release|Any CPU.ActiveCfg = Release|Any CPU
		{0751838D-DA13-4B8B-9217-C082EA745F22}.Release|Any CPU.Build.0 = Release|Any CPU
	EndGlobalSection
	GlobalSection(SolutionProperties) = preSolution
		HideSolutionNode = FALSE
	EndGlobalSection
	GlobalSection(ExtensibilityGlobals) = postSolution
		SolutionGuid = {1B511064-E6BB-4FB7-9171-1FAD8EC7F50D}
	EndGlobalSection
EndGlobal
