
Microsoft Visual Studio Solution File, Format Version 12.00
# Visual Studio Version 17
VisualStudioVersion = 17.8.34511.84
MinimumVisualStudioVersion = 10.0.40219.1
Project("{FAE04EC0-301F-11D3-BF4B-00C04F79EFBC}") = "NewLibrary", "NewLibrary.csproj", "{9B42BB1C-33A4-4394-B9D9-F64E3FE0A6FE}"
EndProject
Global
	GlobalSection(SolutionConfigurationPlatforms) = preSolution
		Debug|Any CPU = Debug|Any CPU
		Release|Any CPU = Release|Any CPU
	EndGlobalSection
	GlobalSection(ProjectConfigurationPlatforms) = postSolution
		{9B42BB1C-33A4-4394-B9D9-F64E3FE0A6FE}.Debug|Any CPU.ActiveCfg = Debug|Any CPU
		{9B42BB1C-33A4-4394-B9D9-F64E3FE0A6FE}.Debug|Any CPU.Build.0 = Debug|Any CPU
		{9B42BB1C-33A4-4394-B9D9-F64E3FE0A6FE}.Release|Any CPU.ActiveCfg = Release|Any CPU
		{9B42BB1C-33A4-4394-B9D9-F64E3FE0A6FE}.Release|Any CPU.Build.0 = Release|Any CPU
	EndGlobalSection
	GlobalSection(SolutionProperties) = preSolution
		HideSolutionNode = FALSE
	EndGlobalSection
	GlobalSection(ExtensibilityGlobals) = postSolution
		SolutionGuid = {2A395BC1-E7CD-4107-836E-B9BB3127BFBF}
	EndGlobalSection
EndGlobal
